{
  "name": "spaserverexample",
  "version": "1.0.0",
  "lockfileVersion": 1,
  "requires": true,
  "dependencies": {
    "dateformat": {
      "version": "3.0.3",
      "resolved": "https://repo.plus4u.net/repository/npm/dateformat/-/dateformat-3.0.3.tgz",
      "integrity": "sha512-jyCETtSl3VMZMWeRo7iY1FL19ges1t55hMo5yaam4Jrsm5EPL89UQkoQRyiI+Yf4k8r2ZpdngkV8hr1lIdjb3Q==",
      "dev": true
    },
    "html-entities": {
      "version": "1.2.1",
      "resolved": "https://repo.plus4u.net/repository/npm/html-entities/-/html-entities-1.2.1.tgz",
      "integrity": "sha1-DfKTUfByEWNRXfueVUPl9u7VFi8="
    },
    "spaserver": {
      "version": "git+https://github.com/liborsvejda/spaserver.git#e23edaaea28833b7bfbc6ebd3e02132bfc1ed72a",
      "from": "git+https://github.com/liborsvejda/spaserver.git",
      "requires": {
        "html-entities": "^1.2.1"
      }
    }
  }
}
